{
  "version": 4,
  "terraform_version": "1.2.6",
  "serial": 306,
  "lineage": "b60a5207-08ec-687a-f5e6-a0804b0bd45a",
  "outputs": {},
  "resources": [
    {
      "module": "module.vm-instances1",
      "mode": "data",
      "type": "template_file",
      "name": "user_data",
      "provider": "provider[\"registry.terraform.io/hashicorp/template\"]",
      "instances": [
        {
          "schema_version": 0,
          "attributes": {
            "filename": null,
            "id": "9508800580ce2924fa767a60cacd4d82dfdb685922b482ef702eb2a5f9316d3d",
            "rendered": "#cloud-config\n# vim: syntax=yaml\n#\n# ***********************\n# \t---- for more examples look at: ------\n# ---\u003e https://cloudinit.readthedocs.io/en/latest/topics/examples.html\n# ******************************\n#\n# This is the configuration syntax that the write_files module\n# will know how to understand. encoding can be given b64 or gzip or (gz+b64).\n# The content will be decoded accordingly and then written to the path that is\n# provided.\nssh_pwauth: True\nchpasswd:\n  list: |\n     root: root\n     leon: root\n  expire: False\n\nusers:\n  - name: leon # Change me\n    ssh_authorized_keys:\n      - ssh-rsa AAAAB3NzaC1yc2EAAAADAQABAAACAQDB16NZ/tekXOPoyoJaAu+1P0MGJf3/+Z/oCCzeL3Dw1B3ib2V8XdoUSSLGN9dyjyGUCrrLNCJWRq2qwqSW6vtIICqLcu0uoc8+CXjszsLxxUhYPcV50/LVVL+wtYHFt2l9IqZjKL2jq3Zbry30BIOS5r9u6EEkEffcnr+LbsOo6VmEkISDDQnURh/JXOrafP0qyGv3C+vO8xA2M8eqdfLRw//vhLZB9rH8piAV3f9VKrnlafDdCFgkx8nx2iAjB3Kqw/LPyGBpMQ1GaJSm5cvsKup/l5PETqRhl492hm911El7ExBsQkP3xqHyzKaAujrOvGxFgyLPMQGQPnw7VIw0B4sX0zx+SaEWX0wsE3S3imllgDdgrpGHvBt0ytDxWNrm92yV4m55BJO2/N/E0mC1W17NcjawmKep3I/fFv9RdaJk8GyP9gK36B3KVaieH+IkeScuuyHFQ/ubDSvvKwxM4Z7hSsh4r5Ry79RYrC586+x26xTR/2zXXoloIx4M7092n6ZQ8NDkv/00NBqIZDaM8qG3n4sY5dbtCHebw0M4FK4oQGqXx6H0Vu/6MUmCU9NUG+N/gpCU/AFz3zMa0zLdLWpVPX8mgiJMxglgLdACYwzHWag2Vix7Kg8oEiSAArrg/i6PZpjxV9ln/t4gXVWAiOTDEyFDQvBSa8YALwsQsw==  #Chageme\n    sudo: ['ALL=(ALL) NOPASSWD:ALL']\n    shell: /bin/bash\n    groups: wheel\n",
            "template": "#cloud-config\n# vim: syntax=yaml\n#\n# ***********************\n# \t---- for more examples look at: ------\n# ---\u003e https://cloudinit.readthedocs.io/en/latest/topics/examples.html\n# ******************************\n#\n# This is the configuration syntax that the write_files module\n# will know how to understand. encoding can be given b64 or gzip or (gz+b64).\n# The content will be decoded accordingly and then written to the path that is\n# provided.\nssh_pwauth: True\nchpasswd:\n  list: |\n     root: root\n     leon: root\n  expire: False\n\nusers:\n  - name: leon # Change me\n    ssh_authorized_keys:\n      - ssh-rsa AAAAB3NzaC1yc2EAAAADAQABAAACAQDB16NZ/tekXOPoyoJaAu+1P0MGJf3/+Z/oCCzeL3Dw1B3ib2V8XdoUSSLGN9dyjyGUCrrLNCJWRq2qwqSW6vtIICqLcu0uoc8+CXjszsLxxUhYPcV50/LVVL+wtYHFt2l9IqZjKL2jq3Zbry30BIOS5r9u6EEkEffcnr+LbsOo6VmEkISDDQnURh/JXOrafP0qyGv3C+vO8xA2M8eqdfLRw//vhLZB9rH8piAV3f9VKrnlafDdCFgkx8nx2iAjB3Kqw/LPyGBpMQ1GaJSm5cvsKup/l5PETqRhl492hm911El7ExBsQkP3xqHyzKaAujrOvGxFgyLPMQGQPnw7VIw0B4sX0zx+SaEWX0wsE3S3imllgDdgrpGHvBt0ytDxWNrm92yV4m55BJO2/N/E0mC1W17NcjawmKep3I/fFv9RdaJk8GyP9gK36B3KVaieH+IkeScuuyHFQ/ubDSvvKwxM4Z7hSsh4r5Ry79RYrC586+x26xTR/2zXXoloIx4M7092n6ZQ8NDkv/00NBqIZDaM8qG3n4sY5dbtCHebw0M4FK4oQGqXx6H0Vu/6MUmCU9NUG+N/gpCU/AFz3zMa0zLdLWpVPX8mgiJMxglgLdACYwzHWag2Vix7Kg8oEiSAArrg/i6PZpjxV9ln/t4gXVWAiOTDEyFDQvBSa8YALwsQsw==  #Chageme\n    sudo: ['ALL=(ALL) NOPASSWD:ALL']\n    shell: /bin/bash\n    groups: wheel\n",
            "vars": null
          },
          "sensitive_attributes": []
        }
      ]
    },
    {
      "module": "module.vm-instances1",
      "mode": "managed",
      "type": "libvirt_cloudinit_disk",
      "name": "commoninit",
      "provider": "module.vm-instances1.provider[\"registry.terraform.io/dmacvicar/libvirt\"]",
      "instances": [
        {
          "index_key": 0,
          "schema_version": 0,
          "attributes": {
            "id": "/var/lib/libvirt/images/default/fedora-0;dff30b15-1211-4f17-a31a-d5e025157f4e",
            "meta_data": "",
            "name": "fedora-0",
            "network_config": "",
            "pool": "default",
            "user_data": "#cloud-config\n# vim: syntax=yaml\n#\n# ***********************\n# \t---- for more examples look at: ------\n# ---\u003e https://cloudinit.readthedocs.io/en/latest/topics/examples.html\n# ******************************\n#\n# This is the configuration syntax that the write_files module\n# will know how to understand. encoding can be given b64 or gzip or (gz+b64).\n# The content will be decoded accordingly and then written to the path that is\n# provided.\nssh_pwauth: True\nchpasswd:\n  list: |\n     root: root\n     leon: root\n  expire: False\n\nusers:\n  - name: leon # Change me\n    ssh_authorized_keys:\n      - ssh-rsa AAAAB3NzaC1yc2EAAAADAQABAAACAQDB16NZ/tekXOPoyoJaAu+1P0MGJf3/+Z/oCCzeL3Dw1B3ib2V8XdoUSSLGN9dyjyGUCrrLNCJWRq2qwqSW6vtIICqLcu0uoc8+CXjszsLxxUhYPcV50/LVVL+wtYHFt2l9IqZjKL2jq3Zbry30BIOS5r9u6EEkEffcnr+LbsOo6VmEkISDDQnURh/JXOrafP0qyGv3C+vO8xA2M8eqdfLRw//vhLZB9rH8piAV3f9VKrnlafDdCFgkx8nx2iAjB3Kqw/LPyGBpMQ1GaJSm5cvsKup/l5PETqRhl492hm911El7ExBsQkP3xqHyzKaAujrOvGxFgyLPMQGQPnw7VIw0B4sX0zx+SaEWX0wsE3S3imllgDdgrpGHvBt0ytDxWNrm92yV4m55BJO2/N/E0mC1W17NcjawmKep3I/fFv9RdaJk8GyP9gK36B3KVaieH+IkeScuuyHFQ/ubDSvvKwxM4Z7hSsh4r5Ry79RYrC586+x26xTR/2zXXoloIx4M7092n6ZQ8NDkv/00NBqIZDaM8qG3n4sY5dbtCHebw0M4FK4oQGqXx6H0Vu/6MUmCU9NUG+N/gpCU/AFz3zMa0zLdLWpVPX8mgiJMxglgLdACYwzHWag2Vix7Kg8oEiSAArrg/i6PZpjxV9ln/t4gXVWAiOTDEyFDQvBSa8YALwsQsw==  #Chageme\n    sudo: ['ALL=(ALL) NOPASSWD:ALL']\n    shell: /bin/bash\n    groups: wheel\n"
          },
          "sensitive_attributes": [],
          "private": "bnVsbA==",
          "dependencies": [
            "module.vm-instances1.data.template_file.user_data"
          ]
        },
        {
          "index_key": 1,
          "schema_version": 0,
          "attributes": {
            "id": "/var/lib/libvirt/images/default/fedora-1;07b881d5-9ac3-4e8d-be61-602fe3649246",
            "meta_data": "",
            "name": "fedora-1",
            "network_config": "",
            "pool": "default",
            "user_data": "#cloud-config\n# vim: syntax=yaml\n#\n# ***********************\n# \t---- for more examples look at: ------\n# ---\u003e https://cloudinit.readthedocs.io/en/latest/topics/examples.html\n# ******************************\n#\n# This is the configuration syntax that the write_files module\n# will know how to understand. encoding can be given b64 or gzip or (gz+b64).\n# The content will be decoded accordingly and then written to the path that is\n# provided.\nssh_pwauth: True\nchpasswd:\n  list: |\n     root: root\n     leon: root\n  expire: False\n\nusers:\n  - name: leon # Change me\n    ssh_authorized_keys:\n      - ssh-rsa AAAAB3NzaC1yc2EAAAADAQABAAACAQDB16NZ/tekXOPoyoJaAu+1P0MGJf3/+Z/oCCzeL3Dw1B3ib2V8XdoUSSLGN9dyjyGUCrrLNCJWRq2qwqSW6vtIICqLcu0uoc8+CXjszsLxxUhYPcV50/LVVL+wtYHFt2l9IqZjKL2jq3Zbry30BIOS5r9u6EEkEffcnr+LbsOo6VmEkISDDQnURh/JXOrafP0qyGv3C+vO8xA2M8eqdfLRw//vhLZB9rH8piAV3f9VKrnlafDdCFgkx8nx2iAjB3Kqw/LPyGBpMQ1GaJSm5cvsKup/l5PETqRhl492hm911El7ExBsQkP3xqHyzKaAujrOvGxFgyLPMQGQPnw7VIw0B4sX0zx+SaEWX0wsE3S3imllgDdgrpGHvBt0ytDxWNrm92yV4m55BJO2/N/E0mC1W17NcjawmKep3I/fFv9RdaJk8GyP9gK36B3KVaieH+IkeScuuyHFQ/ubDSvvKwxM4Z7hSsh4r5Ry79RYrC586+x26xTR/2zXXoloIx4M7092n6ZQ8NDkv/00NBqIZDaM8qG3n4sY5dbtCHebw0M4FK4oQGqXx6H0Vu/6MUmCU9NUG+N/gpCU/AFz3zMa0zLdLWpVPX8mgiJMxglgLdACYwzHWag2Vix7Kg8oEiSAArrg/i6PZpjxV9ln/t4gXVWAiOTDEyFDQvBSa8YALwsQsw==  #Chageme\n    sudo: ['ALL=(ALL) NOPASSWD:ALL']\n    shell: /bin/bash\n    groups: wheel\n"
          },
          "sensitive_attributes": [],
          "private": "bnVsbA==",
          "dependencies": [
            "module.vm-instances1.data.template_file.user_data"
          ]
        }
      ]
    },
    {
      "module": "module.vm-instances1",
      "mode": "managed",
      "type": "libvirt_domain",
      "name": "fedora",
      "provider": "module.vm-instances1.provider[\"registry.terraform.io/dmacvicar/libvirt\"]",
      "instances": [
        {
          "index_key": 0,
          "schema_version": 0,
          "attributes": {
            "arch": "x86_64",
            "autostart": null,
            "boot_device": [],
            "cloudinit": "/var/lib/libvirt/images/default/fedora-0;dff30b15-1211-4f17-a31a-d5e025157f4e",
            "cmdline": null,
            "console": [
              {
                "source_host": "127.0.0.1",
                "source_path": "",
                "source_service": "0",
                "target_port": "0",
                "target_type": "serial",
                "type": "pty"
              }
            ],
            "coreos_ignition": null,
            "cpu": [],
            "description": "",
            "disk": [
              {
                "block_device": "",
                "file": "",
                "scsi": false,
                "url": "",
                "volume_id": "/var/lib/libvirt/images/default/fedora1.qcow2-0",
                "wwn": ""
              }
            ],
            "emulator": "/usr/bin/qemu-system-x86_64",
            "filesystem": [],
            "firmware": "",
            "fw_cfg_name": "opt/com.coreos/config",
            "graphics": [
              {
                "autoport": true,
                "listen_address": "127.0.0.1",
                "listen_type": "address",
                "type": "spice",
                "websocket": 0
              }
            ],
            "id": "41495971-8221-4e38-bfcf-da8881b27a76",
            "initrd": "",
            "kernel": "",
            "machine": "pc",
            "memory": 2024,
            "metadata": null,
            "name": "fedora-0",
            "network_interface": [
              {
                "addresses": [
                  "10.240.0.173"
                ],
                "bridge": "",
                "hostname": "",
                "mac": "52:54:00:56:64:80",
                "macvtap": "",
                "network_id": "9950d403-978b-49f8-9452-1eae1ddc24fd",
                "network_name": "kubernetes-nw",
                "passthrough": "",
                "vepa": "",
                "wait_for_lease": true
              }
            ],
            "nvram": [],
            "qemu_agent": false,
            "running": true,
            "timeouts": null,
            "tpm": [],
            "vcpu": 2,
            "video": [],
            "xml": []
          },
          "sensitive_attributes": [],
          "private": "eyJlMmJmYjczMC1lY2FhLTExZTYtOGY4OC0zNDM2M2JjN2M0YzAiOnsiY3JlYXRlIjozMDAwMDAwMDAwMDB9fQ==",
          "dependencies": [
            "module.vm-instances1.libvirt_cloudinit_disk.commoninit",
            "module.vm-instances1.libvirt_volume.fedora-qcow2"
          ]
        },
        {
          "index_key": 1,
          "schema_version": 0,
          "attributes": {
            "arch": "x86_64",
            "autostart": null,
            "boot_device": [],
            "cloudinit": "/var/lib/libvirt/images/default/fedora-1;07b881d5-9ac3-4e8d-be61-602fe3649246",
            "cmdline": null,
            "console": [
              {
                "source_host": "127.0.0.1",
                "source_path": "",
                "source_service": "0",
                "target_port": "0",
                "target_type": "serial",
                "type": "pty"
              }
            ],
            "coreos_ignition": null,
            "cpu": [],
            "description": "",
            "disk": [
              {
                "block_device": "",
                "file": "",
                "scsi": false,
                "url": "",
                "volume_id": "/var/lib/libvirt/images/default/fedora1.qcow2-1",
                "wwn": ""
              }
            ],
            "emulator": "/usr/bin/qemu-system-x86_64",
            "filesystem": [],
            "firmware": "",
            "fw_cfg_name": "opt/com.coreos/config",
            "graphics": [
              {
                "autoport": true,
                "listen_address": "127.0.0.1",
                "listen_type": "address",
                "type": "spice",
                "websocket": 0
              }
            ],
            "id": "75219087-1856-4d6c-9e39-14c42bf677b6",
            "initrd": "",
            "kernel": "",
            "machine": "pc",
            "memory": 2024,
            "metadata": null,
            "name": "fedora-1",
            "network_interface": [
              {
                "addresses": [
                  "10.240.0.178"
                ],
                "bridge": "",
                "hostname": "",
                "mac": "52:54:00:22:27:B7",
                "macvtap": "",
                "network_id": "9950d403-978b-49f8-9452-1eae1ddc24fd",
                "network_name": "kubernetes-nw",
                "passthrough": "",
                "vepa": "",
                "wait_for_lease": true
              }
            ],
            "nvram": [],
            "qemu_agent": false,
            "running": true,
            "timeouts": null,
            "tpm": [],
            "vcpu": 2,
            "video": [],
            "xml": []
          },
          "sensitive_attributes": [],
          "private": "eyJlMmJmYjczMC1lY2FhLTExZTYtOGY4OC0zNDM2M2JjN2M0YzAiOnsiY3JlYXRlIjozMDAwMDAwMDAwMDB9fQ==",
          "dependencies": [
            "module.vm-instances1.libvirt_cloudinit_disk.commoninit",
            "module.vm-instances1.libvirt_volume.fedora-qcow2"
          ]
        }
      ]
    },
    {
      "module": "module.vm-instances1",
      "mode": "managed",
      "type": "libvirt_volume",
      "name": "fedora-qcow2",
      "provider": "module.vm-instances1.provider[\"registry.terraform.io/dmacvicar/libvirt\"]",
      "instances": [
        {
          "index_key": 0,
          "schema_version": 0,
          "attributes": {
            "base_volume_id": null,
            "base_volume_name": null,
            "base_volume_pool": null,
            "format": "qcow2",
            "id": "/var/lib/libvirt/images/default/fedora1.qcow2-0",
            "name": "fedora1.qcow2-0",
            "pool": "default",
            "size": 5368709120,
            "source": "/home/leon/dev/k8s-learing/terraform/base-image/Fedora-Cloud-Base-36-1.5.x86_64.qcow2",
            "xml": []
          },
          "sensitive_attributes": [],
          "private": "bnVsbA=="
        },
        {
          "index_key": 1,
          "schema_version": 0,
          "attributes": {
            "base_volume_id": null,
            "base_volume_name": null,
            "base_volume_pool": null,
            "format": "qcow2",
            "id": "/var/lib/libvirt/images/default/fedora1.qcow2-1",
            "name": "fedora1.qcow2-1",
            "pool": "default",
            "size": 5368709120,
            "source": "/home/leon/dev/k8s-learing/terraform/base-image/Fedora-Cloud-Base-36-1.5.x86_64.qcow2",
            "xml": []
          },
          "sensitive_attributes": [],
          "private": "bnVsbA=="
        }
      ]
    }
  ]
}
